
Microsoft Visual Studio Solution File, Format Version 12.00
# Visual Studio 15
VisualStudioVersion = 15.0.28010.2048
MinimumVisualStudioVersion = 10.0.40219.1
Project("{FAE04EC0-301F-11D3-BF4B-00C04F79EFBC}") = "Observer", "Observer\Observer.csproj", "{2D19BB40-5EC8-44DB-BF46-A7F4F7E58FE6}"
EndProject
Global
	GlobalSection(SolutionConfigurationPlatforms) = preSolution
		Debug|Any CPU = Debug|Any CPU
		Release|Any CPU = Release|Any CPU
	EndGlobalSection
	GlobalSection(ProjectConfigurationPlatforms) = postSolution
		{2D19BB40-5EC8-44DB-BF46-A7F4F7E58FE6}.Debug|Any CPU.ActiveCfg = Debug|Any CPU
		{2D19BB40-5EC8-44DB-BF46-A7F4F7E58FE6}.Debug|Any CPU.Build.0 = Debug|Any CPU
		{2D19BB40-5EC8-44DB-BF46-A7F4F7E58FE6}.Release|Any CPU.ActiveCfg = Release|Any CPU
		{2D19BB40-5EC8-44DB-BF46-A7F4F7E58FE6}.Release|Any CPU.Build.0 = Release|Any CPU
	EndGlobalSection
	GlobalSection(SolutionProperties) = preSolution
		HideSolutionNode = FALSE
	EndGlobalSection
	GlobalSection(ExtensibilityGlobals) = postSolution
		SolutionGuid = {7E7F3118-D1EF-4946-9598-983089E9BE0D}
	EndGlobalSection
EndGlobal
